
Microsoft Visual Studio Solution File, Format Version 12.00
Project("{2150E333-8FDC-42A3-9474-1A3956D46DE8}") = "src", "src", "{093BA0AA-083A-4612-A2F5-A01B0C756125}"
	ProjectSection(SolutionItems) = preProject
		src\Directory.Build.props = src\Directory.Build.props
	EndProjectSection
EndProject
Project("{2150E333-8FDC-42A3-9474-1A3956D46DE8}") = "test", "test", "{41B61C0A-2E17-4B3D-867E-18F9B897D1B2}"
EndProject
Project("{2150E333-8FDC-42A3-9474-1A3956D46DE8}") = "unit-tests", "unit-tests", "{3E70E2F2-859F-4D09-8FAF-893599FED3E6}"
	ProjectSection(SolutionItems) = preProject
		test\unit-tests\Directory.Build.props = test\unit-tests\Directory.Build.props
	EndProjectSection
EndProject
Project("{FAE04EC0-301F-11D3-BF4B-00C04F79EFBC}") = "EventSourcingDotNet", "src\EventSourcingDotNet\EventSourcingDotNet.csproj", "{6BADCF67-8626-4EE6-A599-AC0B3D56D1DD}"
EndProject
Project("{FAE04EC0-301F-11D3-BF4B-00C04F79EFBC}") = "EventSourcingDotNet.UnitTests", "test\unit-tests\EventSourcingDotNet.UnitTests\EventSourcingDotNet.UnitTests.csproj", "{9A1E9CD1-1212-4B9F-AE08-618B59B50303}"
EndProject
Project("{2150E333-8FDC-42A3-9474-1A3956D46DE8}") = "SolutionItems", "SolutionItems", "{596691AE-B80A-4AEF-B1B6-932761F753B2}"
	ProjectSection(SolutionItems) = preProject
		.gitignore = .gitignore
		Directory.Build.props = Directory.Build.props
		README.md = README.md
	EndProjectSection
EndProject
Project("{FAE04EC0-301F-11D3-BF4B-00C04F79EFBC}") = "EventSourcingDotNet.InMemory", "src\EventSourcingDotNet.InMemory\EventSourcingDotNet.InMemory.csproj", "{CA32380B-BCEE-4279-B275-EBBA896327D7}"
EndProject
Project("{FAE04EC0-301F-11D3-BF4B-00C04F79EFBC}") = "EventSourcingDotNet.InMemory.UnitTests", "test\unit-tests\EventSourcingDotNet.InMemory.UnitTests\EventSourcingDotNet.InMemory.UnitTests.csproj", "{28B304D8-2FDD-47D7-9C08-96263E8E82EC}"
EndProject
Project("{2150E333-8FDC-42A3-9474-1A3956D46DE8}") = ".github", ".github", "{CF328221-34D7-463C-BAE1-A079F10A4D3D}"
	ProjectSection(SolutionItems) = preProject
		.github\CODEOWNERS = .github\CODEOWNERS
	EndProjectSection
EndProject
Project("{2150E333-8FDC-42A3-9474-1A3956D46DE8}") = "workflows", "workflows", "{0D583DC0-E466-45BF-8889-DCBDB1C41BB3}"
	ProjectSection(SolutionItems) = preProject
		.github\workflows\dotnet.yml = .github\workflows\dotnet.yml
	EndProjectSection
EndProject
Project("{FAE04EC0-301F-11D3-BF4B-00C04F79EFBC}") = "EventSourcingDotNet.EventStore", "src\EventSourcingDotNet.EventStore\EventSourcingDotNet.EventStore.csproj", "{0B20EA7A-11EC-429A-B6AC-136003D89DA7}"
EndProject
Project("{FAE04EC0-301F-11D3-BF4B-00C04F79EFBC}") = "EventSourcingDotNet.EventStore.UnitTests", "test\unit-tests\EventSourcingDotNet.EventStore.UnitTests\EventSourcingDotNet.EventStore.UnitTests.csproj", "{2734617D-70D4-41F1-953B-1519931ECF99}"
EndProject
Global
	GlobalSection(SolutionConfigurationPlatforms) = preSolution
		Debug|Any CPU = Debug|Any CPU
		Release|Any CPU = Release|Any CPU
	EndGlobalSection
	GlobalSection(ProjectConfigurationPlatforms) = postSolution
		{6BADCF67-8626-4EE6-A599-AC0B3D56D1DD}.Debug|Any CPU.ActiveCfg = Debug|Any CPU
		{6BADCF67-8626-4EE6-A599-AC0B3D56D1DD}.Debug|Any CPU.Build.0 = Debug|Any CPU
		{6BADCF67-8626-4EE6-A599-AC0B3D56D1DD}.Release|Any CPU.ActiveCfg = Release|Any CPU
		{6BADCF67-8626-4EE6-A599-AC0B3D56D1DD}.Release|Any CPU.Build.0 = Release|Any CPU
		{9A1E9CD1-1212-4B9F-AE08-618B59B50303}.Debug|Any CPU.ActiveCfg = Debug|Any CPU
		{9A1E9CD1-1212-4B9F-AE08-618B59B50303}.Debug|Any CPU.Build.0 = Debug|Any CPU
		{9A1E9CD1-1212-4B9F-AE08-618B59B50303}.Release|Any CPU.ActiveCfg = Release|Any CPU
		{9A1E9CD1-1212-4B9F-AE08-618B59B50303}.Release|Any CPU.Build.0 = Release|Any CPU
		{CA32380B-BCEE-4279-B275-EBBA896327D7}.Debug|Any CPU.ActiveCfg = Debug|Any CPU
		{CA32380B-BCEE-4279-B275-EBBA896327D7}.Debug|Any CPU.Build.0 = Debug|Any CPU
		{CA32380B-BCEE-4279-B275-EBBA896327D7}.Release|Any CPU.ActiveCfg = Release|Any CPU
		{CA32380B-BCEE-4279-B275-EBBA896327D7}.Release|Any CPU.Build.0 = Release|Any CPU
		{28B304D8-2FDD-47D7-9C08-96263E8E82EC}.Debug|Any CPU.ActiveCfg = Debug|Any CPU
		{28B304D8-2FDD-47D7-9C08-96263E8E82EC}.Debug|Any CPU.Build.0 = Debug|Any CPU
		{28B304D8-2FDD-47D7-9C08-96263E8E82EC}.Release|Any CPU.ActiveCfg = Release|Any CPU
		{28B304D8-2FDD-47D7-9C08-96263E8E82EC}.Release|Any CPU.Build.0 = Release|Any CPU
		{0B20EA7A-11EC-429A-B6AC-136003D89DA7}.Debug|Any CPU.ActiveCfg = Debug|Any CPU
		{0B20EA7A-11EC-429A-B6AC-136003D89DA7}.Debug|Any CPU.Build.0 = Debug|Any CPU
		{0B20EA7A-11EC-429A-B6AC-136003D89DA7}.Release|Any CPU.ActiveCfg = Release|Any CPU
		{0B20EA7A-11EC-429A-B6AC-136003D89DA7}.Release|Any CPU.Build.0 = Release|Any CPU
		{2734617D-70D4-41F1-953B-1519931ECF99}.Debug|Any CPU.ActiveCfg = Debug|Any CPU
		{2734617D-70D4-41F1-953B-1519931ECF99}.Debug|Any CPU.Build.0 = Debug|Any CPU
		{2734617D-70D4-41F1-953B-1519931ECF99}.Release|Any CPU.ActiveCfg = Release|Any CPU
		{2734617D-70D4-41F1-953B-1519931ECF99}.Release|Any CPU.Build.0 = Release|Any CPU
	EndGlobalSection
	GlobalSection(NestedProjects) = preSolution
		{3E70E2F2-859F-4D09-8FAF-893599FED3E6} = {41B61C0A-2E17-4B3D-867E-18F9B897D1B2}
		{6BADCF67-8626-4EE6-A599-AC0B3D56D1DD} = {093BA0AA-083A-4612-A2F5-A01B0C756125}
		{9A1E9CD1-1212-4B9F-AE08-618B59B50303} = {3E70E2F2-859F-4D09-8FAF-893599FED3E6}
		{CA32380B-BCEE-4279-B275-EBBA896327D7} = {093BA0AA-083A-4612-A2F5-A01B0C756125}
		{28B304D8-2FDD-47D7-9C08-96263E8E82EC} = {3E70E2F2-859F-4D09-8FAF-893599FED3E6}
		{0D583DC0-E466-45BF-8889-DCBDB1C41BB3} = {CF328221-34D7-463C-BAE1-A079F10A4D3D}
		{0B20EA7A-11EC-429A-B6AC-136003D89DA7} = {093BA0AA-083A-4612-A2F5-A01B0C756125}
		{2734617D-70D4-41F1-953B-1519931ECF99} = {3E70E2F2-859F-4D09-8FAF-893599FED3E6}
	EndGlobalSection
EndGlobal
